
Microsoft Visual Studio Solution File, Format Version 12.00
# Visual Studio Version 17
VisualStudioVersion = 17.6.33815.320
MinimumVisualStudioVersion = 10.0.40219.1
Project("{FAE04EC0-301F-11D3-BF4B-00C04F79EFBC}") = "SimpleMoviesAppV2", "SimpleMoviesAppV2.csproj", "{F2D87880-CD4D-4108-87A5-0B8E21B2836D}"
EndProject
Global
	GlobalSection(SolutionConfigurationPlatforms) = preSolution
		Debug|Any CPU = Debug|Any CPU
		Release|Any CPU = Release|Any CPU
	EndGlobalSection
	GlobalSection(ProjectConfigurationPlatforms) = postSolution
		{F2D87880-CD4D-4108-87A5-0B8E21B2836D}.Debug|Any CPU.ActiveCfg = Debug|Any CPU
		{F2D87880-CD4D-4108-87A5-0B8E21B2836D}.Debug|Any CPU.Build.0 = Debug|Any CPU
		{F2D87880-CD4D-4108-87A5-0B8E21B2836D}.Release|Any CPU.ActiveCfg = Release|Any CPU
		{F2D87880-CD4D-4108-87A5-0B8E21B2836D}.Release|Any CPU.Build.0 = Release|Any CPU
	EndGlobalSection
	GlobalSection(SolutionProperties) = preSolution
		HideSolutionNode = FALSE
	EndGlobalSection
	GlobalSection(ExtensibilityGlobals) = postSolution
		SolutionGuid = {9E8F0DD5-925C-48B9-AEB0-3C9FACBB1DCC}
	EndGlobalSection
EndGlobal
