
Microsoft Visual Studio Solution File, Format Version 12.00
# Visual Studio Version 17
VisualStudioVersion = 17.6.33815.320
MinimumVisualStudioVersion = 10.0.40219.1
Project("{FAE04EC0-301F-11D3-BF4B-00C04F79EFBC}") = "MyMangerLibrary", "MyMangerLibrary.csproj", "{4DAC1FE6-CFB0-4968-BF74-056180AD005B}"
EndProject
Global
	GlobalSection(SolutionConfigurationPlatforms) = preSolution
		Debug|Any CPU = Debug|Any CPU
		Release|Any CPU = Release|Any CPU
	EndGlobalSection
	GlobalSection(ProjectConfigurationPlatforms) = postSolution
		{4DAC1FE6-CFB0-4968-BF74-056180AD005B}.Debug|Any CPU.ActiveCfg = Debug|Any CPU
		{4DAC1FE6-CFB0-4968-BF74-056180AD005B}.Debug|Any CPU.Build.0 = Debug|Any CPU
		{4DAC1FE6-CFB0-4968-BF74-056180AD005B}.Release|Any CPU.ActiveCfg = Release|Any CPU
		{4DAC1FE6-CFB0-4968-BF74-056180AD005B}.Release|Any CPU.Build.0 = Release|Any CPU
	EndGlobalSection
	GlobalSection(SolutionProperties) = preSolution
		HideSolutionNode = FALSE
	EndGlobalSection
	GlobalSection(ExtensibilityGlobals) = postSolution
		SolutionGuid = {098C3730-A264-4A25-83BD-FCA48BCA2E2D}
	EndGlobalSection
EndGlobal
